<Solution>
  <Configurations>
    <Platform Name="Any CPU" />
    <Platform Name="x64" />
    <Platform Name="x86" />
  </Configurations>
  <Folder Name="/src/">
    <Project Path="src/KoreForge.Metrics.AspNet/KoreForge.Metrics.AspNet.csproj" />
  </Folder>
  <Folder Name="/tst/">
    <Project Path="tst/KoreForge.Metrics.AspNet.Tests/KoreForge.Metrics.AspNet.Tests.csproj" />
  </Folder>

</Solution>
